// !$*UTF8*$!
{
	archiveVersion = 1;
	classes = {
	};
	objectVersion = 46;
	objects = {

/* Begin PBXBuildFile section */
		260B781C1FEB852000C60041 /* main.m in Sources */ = {isa = PBXBuildFile; fileRef = 260B781B1FEB852000C60041 /* main.m */; };
		260B781F1FEB852000C60041 /* AppDelegate.m in Sources */ = {isa = PBXBuildFile; fileRef = 260B781E1FEB852000C60041 /* AppDelegate.m */; };
		260B78221FEB852000C60041 /* ViewController.m in Sources */ = {isa = PBXBuildFile; fileRef = 260B78211FEB852000C60041 /* ViewController.m */; };
		260B78251FEB852000C60041 /* Main.storyboard in Resources */ = {isa = PBXBuildFile; fileRef = 260B78231FEB852000C60041 /* Main.storyboard */; };
		260B78271FEB852000C60041 /* Assets.xcassets in Resources */ = {isa = PBXBuildFile; fileRef = 260B78261FEB852000C60041 /* Assets.xcassets */; };
		260B782A1FEB852000C60041 /* LaunchScreen.storyboard in Resources */ = {isa = PBXBuildFile; fileRef = 260B78281FEB852000C60041 /* LaunchScreen.storyboard */; };
		58924577B993BF2A65EE62C4 /* libPods-MBaseProject.a in Frameworks */ = {isa = PBXBuildFile; fileRef = 6103E3609C1CDBF8C9BCC5E8 /* libPods-MBaseProject.a */; };
/* End PBXBuildFile section */

/* Begin PBXFileReference section */
		06F4081045187F19DA8F759F /* Pods-MBaseProject.debug.xcconfig */ = {isa = PBXFileReference; includeInIndex = 1; lastKnownFileType = text.xcconfig; name = "Pods-MBaseProject.debug.xcconfig"; path = "Pods/Target Support Files/Pods-MBaseProject/Pods-MBaseProject.debug.xcconfig"; sourceTree = "<group>"; };
		260B78171FEB852000C60041 /* MBaseProject.app */ = {isa = PBXFileReference; explicitFileType = wrapper.application; includeInIndex = 0; path = MBaseProject.app; sourceTree = BUILT_PRODUCTS_DIR; };
		260B781B1FEB852000C60041 /* main.m */ = {isa = PBXFileReference; lastKnownFileType = sourcecode.c.objc; path = main.m; sourceTree = "<group>"; };
		260B781D1FEB852000C60041 /* AppDelegate.h */ = {isa = PBXFileReference; lastKnownFileType = sourcecode.c.h; path = AppDelegate.h; sourceTree = "<group>"; };
		260B781E1FEB852000C60041 /* AppDelegate.m */ = {isa = PBXFileReference; lastKnownFileType = sourcecode.c.objc; path = AppDelegate.m; sourceTree = "<group>"; };
		260B78201FEB852000C60041 /* ViewController.h */ = {isa = PBXFileReference; lastKnownFileType = sourcecode.c.h; path = ViewController.h; sourceTree = "<group>"; };
		260B78211FEB852000C60041 /* ViewController.m */ = {isa = PBXFileReference; lastKnownFileType = sourcecode.c.objc; path = ViewController.m; sourceTree = "<group>"; };
		260B78241FEB852000C60041 /* Base */ = {isa = PBXFileReference; lastKnownFileType = file.storyboard; name = Base; path = Base.lproj/Main.storyboard; sourceTree = "<group>"; };
		260B78261FEB852000C60041 /* Assets.xcassets */ = {isa = PBXFileReference; lastKnownFileType = folder.assetcatalog; path = Assets.xcassets; sourceTree = "<group>"; };
		260B78291FEB852000C60041 /* Base */ = {isa = PBXFileReference; lastKnownFileType = file.storyboard; name = Base; path = Base.lproj/LaunchScreen.storyboard; sourceTree = "<group>"; };
		260B782B1FEB852000C60041 /* Info.plist */ = {isa = PBXFileReference; lastKnownFileType = text.plist.xml; path = Info.plist; sourceTree = "<group>"; };
		4B6A78CFE1067F9B8C9EA968 /* Pods-MBaseProject.release.xcconfig */ = {isa = PBXFileReference; includeInIndex = 1; lastKnownFileType = text.xcconfig; name = "Pods-MBaseProject.release.xcconfig"; path = "Pods/Target Support Files/Pods-MBaseProject/Pods-MBaseProject.release.xcconfig"; sourceTree = "<group>"; };
		6103E3609C1CDBF8C9BCC5E8 /* libPods-MBaseProject.a */ = {isa = PBXFileReference; explicitFileType = archive.ar; includeInIndex = 0; path = "libPods-MBaseProject.a"; sourceTree = BUILT_PRODUCTS_DIR; };
/* End PBXFileReference section */

/* Begin PBXFrameworksBuildPhase section */
		260B78141FEB852000C60041 /* Frameworks */ = {
			isa = PBXFrameworksBuildPhase;
			buildActionMask = 2147483647;
			files = (
				58924577B993BF2A65EE62C4 /* libPods-MBaseProject.a in Frameworks */,
			);
			runOnlyForDeploymentPostprocessing = 0;
		};
/* End PBXFrameworksBuildPhase section */

/* Begin PBXGroup section */
		260B780E1FEB851F00C60041 = {
			isa = PBXGroup;
			children = (
				260B78191FEB852000C60041 /* MBaseProject */,
				260B78181FEB852000C60041 /* Products */,
				56A8DD7AA63712A6C9F7B46F /* Pods */,
				D35ACD8883B1CB1AFFBBB9CD /* Frameworks */,
			);
			sourceTree = "<group>";
		};
		260B78181FEB852000C60041 /* Products */ = {
			isa = PBXGroup;
			children = (
				260B78171FEB852000C60041 /* MBaseProject.app */,
			);
			name = Products;
			sourceTree = "<group>";
		};
		260B78191FEB852000C60041 /* MBaseProject */ = {
			isa = PBXGroup;
			children = (
				260B781D1FEB852000C60041 /* AppDelegate.h */,
				260B781E1FEB852000C60041 /* AppDelegate.m */,
				260B78201FEB852000C60041 /* ViewController.h */,
				260B78211FEB852000C60041 /* ViewController.m */,
				260B78231FEB852000C60041 /* Main.storyboard */,
				260B78261FEB852000C60041 /* Assets.xcassets */,
				260B78281FEB852000C60041 /* LaunchScreen.storyboard */,
				260B782B1FEB852000C60041 /* Info.plist */,
				260B781A1FEB852000C60041 /* Supporting Files */,
			);
			path = MBaseProject;
			sourceTree = "<group>";
		};
		260B781A1FEB852000C60041 /* Supporting Files */ = {
			isa = PBXGroup;
			children = (
				260B781B1FEB852000C60041 /* main.m */,
			);
			name = "Supporting Files";
			sourceTree = "<group>";
		};
		56A8DD7AA63712A6C9F7B46F /* Pods */ = {
			isa = PBXGroup;
			children = (
				06F4081045187F19DA8F759F /* Pods-MBaseProject.debug.xcconfig */,
				4B6A78CFE1067F9B8C9EA968 /* Pods-MBaseProject.release.xcconfig */,
			);
			name = Pods;
			sourceTree = "<group>";
		};
		D35ACD8883B1CB1AFFBBB9CD /* Frameworks */ = {
			isa = PBXGroup;
			children = (
				6103E3609C1CDBF8C9BCC5E8 /* libPods-MBaseProject.a */,
			);
			name = Frameworks;
			sourceTree = "<group>";
		};
/* End PBXGroup section */

/* Begin PBXNativeTarget section */
		260B78161FEB852000C60041 /* MBaseProject */ = {
			isa = PBXNativeTarget;
			buildConfigurationList = 260B782E1FEB852000C60041 /* Build configuration list for PBXNativeTarget "MBaseProject" */;
			buildPhases = (
				B9C49217AD90A0A63371675A /* [CP] Check Pods Manifest.lock */,
				260B78131FEB852000C60041 /* Sources */,
				260B78141FEB852000C60041 /* Frameworks */,
				260B78151FEB852000C60041 /* Resources */,
				DA5EB9F789B7546B594B4962 /* [CP] Embed Pods Frameworks */,
				086D567D8187FE2DA360A633 /* [CP] Copy Pods Resources */,
			);
			buildRules = (
			);
			dependencies = (
			);
			name = MBaseProject;
			productName = MBaseProject;
			productReference = 260B78171FEB852000C60041 /* MBaseProject.app */;
			productType = "com.apple.product-type.application";
		};
/* End PBXNativeTarget section */

/* Begin PBXProject section */
		260B780F1FEB851F00C60041 /* Project object */ = {
			isa = PBXProject;
			attributes = {
				LastUpgradeCheck = 0830;
				ORGANIZATIONNAME = Wisdom;
				TargetAttributes = {
					260B78161FEB852000C60041 = {
						CreatedOnToolsVersion = 8.3;
						DevelopmentTeam = 9G6HAZHFH8;
						ProvisioningStyle = Automatic;
					};
				};
			};
			buildConfigurationList = 260B78121FEB851F00C60041 /* Build configuration list for PBXProject "MBaseProject" */;
			compatibilityVersion = "Xcode 3.2";
			developmentRegion = English;
			hasScannedForEncodings = 0;
			knownRegions = (
				en,
				Base,
			);
			mainGroup = 260B780E1FEB851F00C60041;
			productRefGroup = 260B78181FEB852000C60041 /* Products */;
			projectDirPath = "";
			projectRoot = "";
			targets = (
				260B78161FEB852000C60041 /* MBaseProject */,
			);
		};
/* End PBXProject section */

/* Begin PBXResourcesBuildPhase section */
		260B78151FEB852000C60041 /* Resources */ = {
			isa = PBXResourcesBuildPhase;
			buildActionMask = 2147483647;
			files = (
				260B782A1FEB852000C60041 /* LaunchScreen.storyboard in Resources */,
				260B78271FEB852000C60041 /* Assets.xcassets in Resources */,
				260B78251FEB852000C60041 /* Main.storyboard in Resources */,
			);
			runOnlyForDeploymentPostprocessing = 0;
		};
/* End PBXResourcesBuildPhase section */

/* Begin PBXShellScriptBuildPhase section */
		086D567D8187FE2DA360A633 /* [CP] Copy Pods Resources */ = {
			isa = PBXShellScriptBuildPhase;
			buildActionMask = 2147483647;
			files = (
			);
			inputPaths = (
			);
			name = "[CP] Copy Pods Resources";
			outputPaths = (
			);
			runOnlyForDeploymentPostprocessing = 0;
			shellPath = /bin/sh;
			shellScript = "\"${SRCROOT}/Pods/Target Support Files/Pods-MBaseProject/Pods-MBaseProject-resources.sh\"\n";
			showEnvVarsInLog = 0;
		};
		B9C49217AD90A0A63371675A /* [CP] Check Pods Manifest.lock */ = {
			isa = PBXShellScriptBuildPhase;
			buildActionMask = 2147483647;
			files = (
			);
			inputPaths = (
			);
			name = "[CP] Check Pods Manifest.lock";
			outputPaths = (
			);
			runOnlyForDeploymentPostprocessing = 0;
			shellPath = /bin/sh;
			shellScript = "diff \"${PODS_ROOT}/../Podfile.lock\" \"${PODS_ROOT}/Manifest.lock\" > /dev/null\nif [ $? != 0 ] ; then\n    # print error to STDERR\n    echo \"error: The sandbox is not in sync with the Podfile.lock. Run 'pod install' or update your CocoaPods installation.\" >&2\n    exit 1\nfi\n";
			showEnvVarsInLog = 0;
		};
		DA5EB9F789B7546B594B4962 /* [CP] Embed Pods Frameworks */ = {
			isa = PBXShellScriptBuildPhase;
			buildActionMask = 2147483647;
			files = (
			);
			inputPaths = (
			);
			name = "[CP] Embed Pods Frameworks";
			outputPaths = (
			);
			runOnlyForDeploymentPostprocessing = 0;
			shellPath = /bin/sh;
			shellScript = "\"${SRCROOT}/Pods/Target Support Files/Pods-MBaseProject/Pods-MBaseProject-frameworks.sh\"\n";
			showEnvVarsInLog = 0;
		};
/* End PBXShellScriptBuildPhase section */

/* Begin PBXSourcesBuildPhase section */
		260B78131FEB852000C60041 /* Sources */ = {
			isa = PBXSourcesBuildPhase;
			buildActionMask = 2147483647;
			files = (
				260B78221FEB852000C60041 /* ViewController.m in Sources */,
				260B781F1FEB852000C60041 /* AppDelegate.m in Sources */,
				260B781C1FEB852000C60041 /* main.m in Sources */,
			);
			runOnlyForDeploymentPostprocessing = 0;
		};
/* End PBXSourcesBuildPhase section */

/* Begin PBXVariantGroup section */
		260B78231FEB852000C60041 /* Main.storyboard */ = {
			isa = PBXVariantGroup;
			children = (
				260B78241FEB852000C60041 /* Base */,
			);
			name = Main.storyboard;
			sourceTree = "<group>";
		};
		260B78281FEB852000C60041 /* LaunchScreen.storyboard */ = {
			isa = PBXVariantGroup;
			children = (
				260B78291FEB852000C60041 /* Base */,
			);
			name = LaunchScreen.storyboard;
			sourceTree = "<group>";
		};
/* End PBXVariantGroup section */

/* Begin XCBuildConfiguration section */
		260B782C1FEB852000C60041 /* Debug */ = {
			isa = XCBuildConfiguration;
			buildSettings = {
				ALWAYS_SEARCH_USER_PATHS = NO;
				CLANG_ANALYZER_NONNULL = YES;
				CLANG_ANALYZER_NUMBER_OBJECT_CONVERSION = YES_AGGRESSIVE;
				CLANG_CXX_LANGUAGE_STANDARD = "gnu++0x";
				CLANG_CXX_LIBRARY = "libc++";
				CLANG_ENABLE_MODULES = YES;
				CLANG_ENABLE_OBJC_ARC = YES;
				CLANG_WARN_BOOL_CONVERSION = YES;
				CLANG_WARN_CONSTANT_CONVERSION = YES;
				CLANG_WARN_DIRECT_OBJC_ISA_USAGE = YES_ERROR;
				CLANG_WARN_DOCUMENTATION_COMMENTS = YES;
				CLANG_WARN_EMPTY_BODY = YES;
				CLANG_WARN_ENUM_CONVERSION = YES;
				CLANG_WARN_INFINITE_RECURSION = YES;
				CLANG_WARN_INT_CONVERSION = YES;
				CLANG_WARN_OBJC_ROOT_CLASS = YES_ERROR;
				CLANG_WARN_SUSPICIOUS_MOVE = YES;
				CLANG_WARN_UNREACHABLE_CODE = YES;
				CLANG_WARN__DUPLICATE_METHOD_MATCH = YES;
				"CODE_SIGN_IDENTITY[sdk=iphoneos*]" = "iPhone Developer";
				COPY_PHASE_STRIP = NO;
				DEBUG_INFORMATION_FORMAT = dwarf;
				ENABLE_STRICT_OBJC_MSGSEND = YES;
				ENABLE_TESTABILITY = YES;
				GCC_C_LANGUAGE_STANDARD = gnu99;
				GCC_DYNAMIC_NO_PIC = NO;
				GCC_NO_COMMON_BLOCKS = YES;
				GCC_OPTIMIZATION_LEVEL = 0;
				GCC_PREPROCESSOR_DEFINITIONS = (
					"DEBUG=1",
					"$(inherited)",
				);
				GCC_WARN_64_TO_32_BIT_CONVERSION = YES;
				GCC_WARN_ABOUT_RETURN_TYPE = YES_ERROR;
				GCC_WARN_UNDECLARED_SELECTOR = YES;
				GCC_WARN_UNINITIALIZED_AUTOS = YES_AGGRESSIVE;
				GCC_WARN_UNUSED_FUNCTION = YES;
				GCC_WARN_UNUSED_VARIABLE = YES;
				IPHONEOS_DEPLOYMENT_TARGET = 10.3;
				MTL_ENABLE_DEBUG_INFO = YES;
				ONLY_ACTIVE_ARCH = YES;
				SDKROOT = iphoneos;
			};
			name = Debug;
		};
		260B782D1FEB852000C60041 /* Release */ = {
			isa = XCBuildConfiguration;
			buildSettings = {
				ALWAYS_SEARCH_USER_PATHS = NO;
				CLANG_ANALYZER_NONNULL = YES;
				CLANG_ANALYZER_NUMBER_OBJECT_CONVERSION = YES_AGGRESSIVE;
				CLANG_CXX_LANGUAGE_STANDARD = "gnu++0x";
				CLANG_CXX_LIBRARY = "libc++";
				CLANG_ENABLE_MODULES = YES;
				CLANG_ENABLE_OBJC_ARC = YES;
				CLANG_WARN_BOOL_CONVERSION = YES;
				CLANG_WARN_CONSTANT_CONVERSION = YES;
				CLANG_WARN_DIRECT_OBJC_ISA_USAGE = YES_ERROR;
				CLANG_WARN_DOCUMENTATION_COMMENTS = YES;
				CLANG_WARN_EMPTY_BODY = YES;
				CLANG_WARN_ENUM_CONVERSION = YES;
				CLANG_WARN_INFINITE_RECURSION = YES;
				CLANG_WARN_INT_CONVERSION = YES;
				CLANG_WARN_OBJC_ROOT_CLASS = YES_ERROR;
				CLANG_WARN_SUSPICIOUS_MOVE = YES;
				CLANG_WARN_UNREACHABLE_CODE = YES;
				CLANG_WARN__DUPLICATE_METHOD_MATCH = YES;
				"CODE_SIGN_IDENTITY[sdk=iphoneos*]" = "iPhone Developer";
				COPY_PHASE_STRIP = NO;
				DEBUG_INFORMATION_FORMAT = "dwarf-with-dsym";
				ENABLE_NS_ASSERTIONS = NO;
				ENABLE_STRICT_OBJC_MSGSEND = YES;
				GCC_C_LANGUAGE_STANDARD = gnu99;
				GCC_NO_COMMON_BLOCKS = YES;
				GCC_WARN_64_TO_32_BIT_CONVERSION = YES;
				GCC_WARN_ABOUT_RETURN_TYPE = YES_ERROR;
				GCC_WARN_UNDECLARED_SELECTOR = YES;
				GCC_WARN_UNINITIALIZED_AUTOS = YES_AGGRESSIVE;
				GCC_WARN_UNUSED_FUNCTION = YES;
				GCC_WARN_UNUSED_VARIABLE = YES;
				IPHONEOS_DEPLOYMENT_TARGET = 10.3;
				MTL_ENABLE_DEBUG_INFO = NO;
				SDKROOT = iphoneos;
				VALIDATE_PRODUCT = YES;
			};
			name = Release;
		};
		260B782F1FEB852000C60041 /* Debug */ = {
			isa = XCBuildConfiguration;
			baseConfigurationReference = 06F4081045187F19DA8F759F /* Pods-MBaseProject.debug.xcconfig */;
			buildSettings = {
				ASSETCATALOG_COMPILER_APPICON_NAME = AppIcon;
				DEVELOPMENT_TEAM = 9G6HAZHFH8;
				INFOPLIST_FILE = MBaseProject/Info.plist;
				LD_RUNPATH_SEARCH_PATHS = "$(inherited) @executable_path/Frameworks";
				PRODUCT_BUNDLE_IDENTIFIER = com.Wisdom.MBaseProject;
				PRODUCT_NAME = "$(TARGET_NAME)";
			};
			name = Debug;
		};
		260B78301FEB852000C60041 /* Release */ = {
			isa = XCBuildConfiguration;
			baseConfigurationReference = 4B6A78CFE1067F9B8C9EA968 /* Pods-MBaseProject.release.xcconfig */;
			buildSettings = {
				ASSETCATALOG_COMPILER_APPICON_NAME = AppIcon;
				DEVELOPMENT_TEAM = 9G6HAZHFH8;
				INFOPLIST_FILE = MBaseProject/Info.plist;
				LD_RUNPATH_SEARCH_PATHS = "$(inherited) @executable_path/Frameworks";
				PRODUCT_BUNDLE_IDENTIFIER = com.Wisdom.MBaseProject;
				PRODUCT_NAME = "$(TARGET_NAME)";
			};
			name = Release;
		};
/* End XCBuildConfiguration section */

/* Begin XCConfigurationList section */
		260B78121FEB851F00C60041 /* Build configuration list for PBXProject "MBaseProject" */ = {
			isa = XCConfigurationList;
			buildConfigurations = (
				260B782C1FEB852000C60041 /* Debug */,
				260B782D1FEB852000C60041 /* Release */,
			);
			defaultConfigurationIsVisible = 0;
			defaultConfigurationName = Release;
		};
		260B782E1FEB852000C60041 /* Build configuration list for PBXNativeTarget "MBaseProject" */ = {
			isa = XCConfigurationList;
			buildConfigurations = (
				260B782F1FEB852000C60041 /* Debug */,
				260B78301FEB852000C60041 /* Release */,
			);
			defaultConfigurationIsVisible = 0;
		};
/* End XCConfigurationList section */
	};
	rootObject = 260B780F1FEB851F00C60041 /* Project object */;
}
